
Microsoft Visual Studio Solution File, Format Version 12.00
# Visual Studio 15
VisualStudioVersion = 15.0.28307.168
MinimumVisualStudioVersion = 10.0.40219.1
Project("{FAE04EC0-301F-11D3-BF4B-00C04F79EFBC}") = "Numbers", "Numbers\Numbers.csproj", "{86500257-C15F-4461-B3DA-877BA7EC5257}"
EndProject
Global
	GlobalSection(SolutionConfigurationPlatforms) = preSolution
		Debug|Any CPU = Debug|Any CPU
		Release|Any CPU = Release|Any CPU
	EndGlobalSection
	GlobalSection(ProjectConfigurationPlatforms) = postSolution
		{86500257-C15F-4461-B3DA-877BA7EC5257}.Debug|Any CPU.ActiveCfg = Debug|Any CPU
		{86500257-C15F-4461-B3DA-877BA7EC5257}.Debug|Any CPU.Build.0 = Debug|Any CPU
		{86500257-C15F-4461-B3DA-877BA7EC5257}.Release|Any CPU.ActiveCfg = Release|Any CPU
		{86500257-C15F-4461-B3DA-877BA7EC5257}.Release|Any CPU.Build.0 = Release|Any CPU
	EndGlobalSection
	GlobalSection(SolutionProperties) = preSolution
		HideSolutionNode = FALSE
	EndGlobalSection
	GlobalSection(ExtensibilityGlobals) = postSolution
		SolutionGuid = {845817E8-299E-44A9-94B4-32D9615A5614}
	EndGlobalSection
EndGlobal
